
Microsoft Visual Studio Solution File, Format Version 12.00
# Visual Studio Version 17
VisualStudioVersion = 17.8.34408.163
MinimumVisualStudioVersion = 10.0.40219.1
Project("{FAE04EC0-301F-11D3-BF4B-00C04F79EFBC}") = "Rock-Paper-and-Scissor-Game", "Rock-Paper-and-Scissor-Game\Rock-Paper-and-Scissor-Game.csproj", "{50B1074F-2542-4E5C-806B-EE60F35B0835}"
EndProject
Global
	GlobalSection(SolutionConfigurationPlatforms) = preSolution
		Debug|Any CPU = Debug|Any CPU
		Release|Any CPU = Release|Any CPU
	EndGlobalSection
	GlobalSection(ProjectConfigurationPlatforms) = postSolution
		{50B1074F-2542-4E5C-806B-EE60F35B0835}.Debug|Any CPU.ActiveCfg = Debug|Any CPU
		{50B1074F-2542-4E5C-806B-EE60F35B0835}.Debug|Any CPU.Build.0 = Debug|Any CPU
		{50B1074F-2542-4E5C-806B-EE60F35B0835}.Release|Any CPU.ActiveCfg = Release|Any CPU
		{50B1074F-2542-4E5C-806B-EE60F35B0835}.Release|Any CPU.Build.0 = Release|Any CPU
	EndGlobalSection
	GlobalSection(SolutionProperties) = preSolution
		HideSolutionNode = FALSE
	EndGlobalSection
	GlobalSection(ExtensibilityGlobals) = postSolution
		SolutionGuid = {C6DF031F-1184-4A5C-B37B-F1F0B1670C62}
	EndGlobalSection
EndGlobal
